
Microsoft Visual Studio Solution File, Format Version 12.00
Project("{FAE04EC0-301F-11D3-BF4B-00C04F79EFBC}") = "DotNetBenchmarks", "DotNetBenchmarks\DotNetBenchmarks.csproj", "{01D337D4-9E59-4F7C-AC9F-86F15028B83E}"
EndProject
Global
	GlobalSection(SolutionConfigurationPlatforms) = preSolution
		Debug|Any CPU = Debug|Any CPU
		Release|Any CPU = Release|Any CPU
	EndGlobalSection
	GlobalSection(ProjectConfigurationPlatforms) = postSolution
		{01D337D4-9E59-4F7C-AC9F-86F15028B83E}.Debug|Any CPU.ActiveCfg = Debug|Any CPU
		{01D337D4-9E59-4F7C-AC9F-86F15028B83E}.Debug|Any CPU.Build.0 = Debug|Any CPU
		{01D337D4-9E59-4F7C-AC9F-86F15028B83E}.Release|Any CPU.ActiveCfg = Release|Any CPU
		{01D337D4-9E59-4F7C-AC9F-86F15028B83E}.Release|Any CPU.Build.0 = Release|Any CPU
	EndGlobalSection
EndGlobal
